// !$*UTF8*$!
{
	archiveVersion = 1;
	classes = {
	};
	objectVersion = 51;
	objects = {

/* Begin PBXBuildFile section */
		96EBC4791A69D3B37135C998 /* Pods_MeetUp3.framework in Frameworks */ = {isa = PBXBuildFile; fileRef = 54249DAFD4B05423CB047932 /* Pods_MeetUp3.framework */; };
		B6AC92DB2352465300C9DF09 /* GoogleService-Info.plist in Resources */ = {isa = PBXBuildFile; fileRef = B6AC92DA2352465300C9DF09 /* GoogleService-Info.plist */; };
		B6AC92DD2352561D00C9DF09 /* Database.swift in Sources */ = {isa = PBXBuildFile; fileRef = B6AC92DC2352561D00C9DF09 /* Database.swift */; };
		B6AC92DF23526E8700C9DF09 /* SettingsViewController.swift in Sources */ = {isa = PBXBuildFile; fileRef = B6AC92DE23526E8700C9DF09 /* SettingsViewController.swift */; };
		B6AC92E1235297C700C9DF09 /* Person.swift in Sources */ = {isa = PBXBuildFile; fileRef = B6AC92E0235297C700C9DF09 /* Person.swift */; };
		B6CF0C4E2352243D00CA88E5 /* AppDelegate.swift in Sources */ = {isa = PBXBuildFile; fileRef = B6CF0C4D2352243D00CA88E5 /* AppDelegate.swift */; };
		B6CF0C502352243D00CA88E5 /* SceneDelegate.swift in Sources */ = {isa = PBXBuildFile; fileRef = B6CF0C4F2352243D00CA88E5 /* SceneDelegate.swift */; };
		B6CF0C522352243D00CA88E5 /* FirstViewController.swift in Sources */ = {isa = PBXBuildFile; fileRef = B6CF0C512352243D00CA88E5 /* FirstViewController.swift */; };
		B6CF0C542352243D00CA88E5 /* SecondViewController.swift in Sources */ = {isa = PBXBuildFile; fileRef = B6CF0C532352243D00CA88E5 /* SecondViewController.swift */; };
		B6CF0C572352243D00CA88E5 /* Main.storyboard in Resources */ = {isa = PBXBuildFile; fileRef = B6CF0C552352243D00CA88E5 /* Main.storyboard */; };
		B6CF0C5A2352243D00CA88E5 /* MeetUp3.xcdatamodeld in Sources */ = {isa = PBXBuildFile; fileRef = B6CF0C582352243D00CA88E5 /* MeetUp3.xcdatamodeld */; };
		B6CF0C5C2352243E00CA88E5 /* Assets.xcassets in Resources */ = {isa = PBXBuildFile; fileRef = B6CF0C5B2352243E00CA88E5 /* Assets.xcassets */; };
		B6CF0C5F2352243E00CA88E5 /* LaunchScreen.storyboard in Resources */ = {isa = PBXBuildFile; fileRef = B6CF0C5D2352243E00CA88E5 /* LaunchScreen.storyboard */; };
		B6CF0C6A2352243E00CA88E5 /* MeetUp3Tests.swift in Sources */ = {isa = PBXBuildFile; fileRef = B6CF0C692352243E00CA88E5 /* MeetUp3Tests.swift */; };
		CFB3D732ADFDD36A1639F53A /* Pods_MeetUp3Tests.framework in Frameworks */ = {isa = PBXBuildFile; fileRef = 099A8197F9DF66FEA04724F2 /* Pods_MeetUp3Tests.framework */; };
/* End PBXBuildFile section */

/* Begin PBXContainerItemProxy section */
		B6CF0C662352243E00CA88E5 /* PBXContainerItemProxy */ = {
			isa = PBXContainerItemProxy;
			containerPortal = B6CF0C422352243D00CA88E5 /* Project object */;
			proxyType = 1;
			remoteGlobalIDString = B6CF0C492352243D00CA88E5;
			remoteInfo = MeetUp3;
		};
/* End PBXContainerItemProxy section */

/* Begin PBXFileReference section */
		099A8197F9DF66FEA04724F2 /* Pods_MeetUp3Tests.framework */ = {isa = PBXFileReference; explicitFileType = wrapper.framework; includeInIndex = 0; path = Pods_MeetUp3Tests.framework; sourceTree = BUILT_PRODUCTS_DIR; };
		35613A3E1B9A4F44D017C237 /* Pods-MeetUp3.release.xcconfig */ = {isa = PBXFileReference; includeInIndex = 1; lastKnownFileType = text.xcconfig; name = "Pods-MeetUp3.release.xcconfig"; path = "Target Support Files/Pods-MeetUp3/Pods-MeetUp3.release.xcconfig"; sourceTree = "<group>"; };
		54249DAFD4B05423CB047932 /* Pods_MeetUp3.framework */ = {isa = PBXFileReference; explicitFileType = wrapper.framework; includeInIndex = 0; path = Pods_MeetUp3.framework; sourceTree = BUILT_PRODUCTS_DIR; };
		69D1EC89FF9A3E471DA6016A /* Pods-MeetUp3Tests.release.xcconfig */ = {isa = PBXFileReference; includeInIndex = 1; lastKnownFileType = text.xcconfig; name = "Pods-MeetUp3Tests.release.xcconfig"; path = "Target Support Files/Pods-MeetUp3Tests/Pods-MeetUp3Tests.release.xcconfig"; sourceTree = "<group>"; };
		A9615553A93D38D2190C2EF7 /* Pods-MeetUp3Tests.debug.xcconfig */ = {isa = PBXFileReference; includeInIndex = 1; lastKnownFileType = text.xcconfig; name = "Pods-MeetUp3Tests.debug.xcconfig"; path = "Target Support Files/Pods-MeetUp3Tests/Pods-MeetUp3Tests.debug.xcconfig"; sourceTree = "<group>"; };
		B6AC92DA2352465300C9DF09 /* GoogleService-Info.plist */ = {isa = PBXFileReference; fileEncoding = 4; lastKnownFileType = text.plist.xml; name = "GoogleService-Info.plist"; path = "../../../../Downloads/GoogleService-Info.plist"; sourceTree = "<group>"; };
		B6AC92DC2352561D00C9DF09 /* Database.swift */ = {isa = PBXFileReference; lastKnownFileType = sourcecode.swift; path = Database.swift; sourceTree = "<group>"; };
		B6AC92DE23526E8700C9DF09 /* SettingsViewController.swift */ = {isa = PBXFileReference; lastKnownFileType = sourcecode.swift; path = SettingsViewController.swift; sourceTree = "<group>"; };
		B6AC92E0235297C700C9DF09 /* Person.swift */ = {isa = PBXFileReference; lastKnownFileType = sourcecode.swift; path = Person.swift; sourceTree = "<group>"; };
		B6CF0C4A2352243D00CA88E5 /* MeetUp3.app */ = {isa = PBXFileReference; explicitFileType = wrapper.application; includeInIndex = 0; path = MeetUp3.app; sourceTree = BUILT_PRODUCTS_DIR; };
		B6CF0C4D2352243D00CA88E5 /* AppDelegate.swift */ = {isa = PBXFileReference; lastKnownFileType = sourcecode.swift; path = AppDelegate.swift; sourceTree = "<group>"; };
		B6CF0C4F2352243D00CA88E5 /* SceneDelegate.swift */ = {isa = PBXFileReference; lastKnownFileType = sourcecode.swift; path = SceneDelegate.swift; sourceTree = "<group>"; };
		B6CF0C512352243D00CA88E5 /* FirstViewController.swift */ = {isa = PBXFileReference; lastKnownFileType = sourcecode.swift; path = FirstViewController.swift; sourceTree = "<group>"; };
		B6CF0C532352243D00CA88E5 /* SecondViewController.swift */ = {isa = PBXFileReference; lastKnownFileType = sourcecode.swift; path = SecondViewController.swift; sourceTree = "<group>"; };
		B6CF0C562352243D00CA88E5 /* Base */ = {isa = PBXFileReference; lastKnownFileType = file.storyboard; name = Base; path = Base.lproj/Main.storyboard; sourceTree = "<group>"; };
		B6CF0C592352243D00CA88E5 /* MeetUp3.xcdatamodel */ = {isa = PBXFileReference; lastKnownFileType = wrapper.xcdatamodel; path = MeetUp3.xcdatamodel; sourceTree = "<group>"; };
		B6CF0C5B2352243E00CA88E5 /* Assets.xcassets */ = {isa = PBXFileReference; lastKnownFileType = folder.assetcatalog; path = Assets.xcassets; sourceTree = "<group>"; };
		B6CF0C5E2352243E00CA88E5 /* Base */ = {isa = PBXFileReference; lastKnownFileType = file.storyboard; name = Base; path = Base.lproj/LaunchScreen.storyboard; sourceTree = "<group>"; };
		B6CF0C602352243E00CA88E5 /* Info.plist */ = {isa = PBXFileReference; lastKnownFileType = text.plist.xml; path = Info.plist; sourceTree = "<group>"; };
		B6CF0C652352243E00CA88E5 /* MeetUp3Tests.xctest */ = {isa = PBXFileReference; explicitFileType = wrapper.cfbundle; includeInIndex = 0; path = MeetUp3Tests.xctest; sourceTree = BUILT_PRODUCTS_DIR; };
		B6CF0C692352243E00CA88E5 /* MeetUp3Tests.swift */ = {isa = PBXFileReference; lastKnownFileType = sourcecode.swift; path = MeetUp3Tests.swift; sourceTree = "<group>"; };
		B6CF0C6B2352243E00CA88E5 /* Info.plist */ = {isa = PBXFileReference; lastKnownFileType = text.plist.xml; path = Info.plist; sourceTree = "<group>"; };
		D4FDB99F13828E65826C2272 /* Pods-MeetUp3.debug.xcconfig */ = {isa = PBXFileReference; includeInIndex = 1; lastKnownFileType = text.xcconfig; name = "Pods-MeetUp3.debug.xcconfig"; path = "Target Support Files/Pods-MeetUp3/Pods-MeetUp3.debug.xcconfig"; sourceTree = "<group>"; };
/* End PBXFileReference section */

/* Begin PBXFrameworksBuildPhase section */
		B6CF0C472352243D00CA88E5 /* Frameworks */ = {
			isa = PBXFrameworksBuildPhase;
			buildActionMask = 2147483647;
			files = (
				96EBC4791A69D3B37135C998 /* Pods_MeetUp3.framework in Frameworks */,
			);
			runOnlyForDeploymentPostprocessing = 0;
		};
		B6CF0C622352243E00CA88E5 /* Frameworks */ = {
			isa = PBXFrameworksBuildPhase;
			buildActionMask = 2147483647;
			files = (
				CFB3D732ADFDD36A1639F53A /* Pods_MeetUp3Tests.framework in Frameworks */,
			);
			runOnlyForDeploymentPostprocessing = 0;
		};
/* End PBXFrameworksBuildPhase section */

/* Begin PBXGroup section */
		4C84035EDBEE80BF53025094 /* Pods */ = {
			isa = PBXGroup;
			children = (
				D4FDB99F13828E65826C2272 /* Pods-MeetUp3.debug.xcconfig */,
				35613A3E1B9A4F44D017C237 /* Pods-MeetUp3.release.xcconfig */,
				A9615553A93D38D2190C2EF7 /* Pods-MeetUp3Tests.debug.xcconfig */,
				69D1EC89FF9A3E471DA6016A /* Pods-MeetUp3Tests.release.xcconfig */,
			);
			path = Pods;
			sourceTree = "<group>";
		};
		61C502C4659F49982E4EABFD /* Frameworks */ = {
			isa = PBXGroup;
			children = (
				54249DAFD4B05423CB047932 /* Pods_MeetUp3.framework */,
				099A8197F9DF66FEA04724F2 /* Pods_MeetUp3Tests.framework */,
			);
			name = Frameworks;
			sourceTree = "<group>";
		};
		B6CF0C412352243D00CA88E5 = {
			isa = PBXGroup;
			children = (
				B6CF0C4C2352243D00CA88E5 /* MeetUp3 */,
				B6CF0C682352243E00CA88E5 /* MeetUp3Tests */,
				B6CF0C4B2352243D00CA88E5 /* Products */,
				4C84035EDBEE80BF53025094 /* Pods */,
				61C502C4659F49982E4EABFD /* Frameworks */,
			);
			sourceTree = "<group>";
		};
		B6CF0C4B2352243D00CA88E5 /* Products */ = {
			isa = PBXGroup;
			children = (
				B6CF0C4A2352243D00CA88E5 /* MeetUp3.app */,
				B6CF0C652352243E00CA88E5 /* MeetUp3Tests.xctest */,
			);
			name = Products;
			sourceTree = "<group>";
		};
		B6CF0C4C2352243D00CA88E5 /* MeetUp3 */ = {
			isa = PBXGroup;
			children = (
				B6CF0C4D2352243D00CA88E5 /* AppDelegate.swift */,
				B6CF0C4F2352243D00CA88E5 /* SceneDelegate.swift */,
				B6CF0C512352243D00CA88E5 /* FirstViewController.swift */,
				B6CF0C532352243D00CA88E5 /* SecondViewController.swift */,
				B6AC92DE23526E8700C9DF09 /* SettingsViewController.swift */,
				B6CF0C552352243D00CA88E5 /* Main.storyboard */,
				B6AC92DC2352561D00C9DF09 /* Database.swift */,
				B6CF0C5B2352243E00CA88E5 /* Assets.xcassets */,
				B6CF0C5D2352243E00CA88E5 /* LaunchScreen.storyboard */,
				B6AC92DA2352465300C9DF09 /* GoogleService-Info.plist */,
				B6CF0C602352243E00CA88E5 /* Info.plist */,
				B6CF0C582352243D00CA88E5 /* MeetUp3.xcdatamodeld */,
				B6AC92E0235297C700C9DF09 /* Person.swift */,
			);
			path = MeetUp3;
			sourceTree = "<group>";
		};
		B6CF0C682352243E00CA88E5 /* MeetUp3Tests */ = {
			isa = PBXGroup;
			children = (
				B6CF0C692352243E00CA88E5 /* MeetUp3Tests.swift */,
				B6CF0C6B2352243E00CA88E5 /* Info.plist */,
			);
			path = MeetUp3Tests;
			sourceTree = "<group>";
		};
/* End PBXGroup section */

/* Begin PBXNativeTarget section */
		B6CF0C492352243D00CA88E5 /* MeetUp3 */ = {
			isa = PBXNativeTarget;
			buildConfigurationList = B6CF0C6E2352243E00CA88E5 /* Build configuration list for PBXNativeTarget "MeetUp3" */;
			buildPhases = (
				34DCC587151F66C00894DEDD /* [CP] Check Pods Manifest.lock */,
				B6CF0C462352243D00CA88E5 /* Sources */,
				B6CF0C472352243D00CA88E5 /* Frameworks */,
				B6CF0C482352243D00CA88E5 /* Resources */,
				64130B21E630761EBCCA7724 /* [CP] Embed Pods Frameworks */,
			);
			buildRules = (
			);
			dependencies = (
			);
			name = MeetUp3;
			productName = MeetUp3;
			productReference = B6CF0C4A2352243D00CA88E5 /* MeetUp3.app */;
			productType = "com.apple.product-type.application";
		};
		B6CF0C642352243E00CA88E5 /* MeetUp3Tests */ = {
			isa = PBXNativeTarget;
			buildConfigurationList = B6CF0C712352243E00CA88E5 /* Build configuration list for PBXNativeTarget "MeetUp3Tests" */;
			buildPhases = (
				2FB50734559BFDBE2A430A35 /* [CP] Check Pods Manifest.lock */,
				B6CF0C612352243E00CA88E5 /* Sources */,
				B6CF0C622352243E00CA88E5 /* Frameworks */,
				B6CF0C632352243E00CA88E5 /* Resources */,
			);
			buildRules = (
			);
			dependencies = (
				B6CF0C672352243E00CA88E5 /* PBXTargetDependency */,
			);
			name = MeetUp3Tests;
			productName = MeetUp3Tests;
			productReference = B6CF0C652352243E00CA88E5 /* MeetUp3Tests.xctest */;
			productType = "com.apple.product-type.bundle.unit-test";
		};
/* End PBXNativeTarget section */

/* Begin PBXProject section */
		B6CF0C422352243D00CA88E5 /* Project object */ = {
			isa = PBXProject;
			attributes = {
				LastSwiftUpdateCheck = 1110;
				LastUpgradeCheck = 1110;
				ORGANIZATIONNAME = "Zachary Eichenberger";
				TargetAttributes = {
					B6CF0C492352243D00CA88E5 = {
						CreatedOnToolsVersion = 11.1;
					};
					B6CF0C642352243E00CA88E5 = {
						CreatedOnToolsVersion = 11.1;
						TestTargetID = B6CF0C492352243D00CA88E5;
					};
				};
			};
			buildConfigurationList = B6CF0C452352243D00CA88E5 /* Build configuration list for PBXProject "MeetUp3" */;
			compatibilityVersion = "Xcode 9.3";
			developmentRegion = en;
			hasScannedForEncodings = 0;
			knownRegions = (
				en,
				Base,
			);
			mainGroup = B6CF0C412352243D00CA88E5;
			productRefGroup = B6CF0C4B2352243D00CA88E5 /* Products */;
			projectDirPath = "";
			projectRoot = "";
			targets = (
				B6CF0C492352243D00CA88E5 /* MeetUp3 */,
				B6CF0C642352243E00CA88E5 /* MeetUp3Tests */,
			);
		};
/* End PBXProject section */

/* Begin PBXResourcesBuildPhase section */
		B6CF0C482352243D00CA88E5 /* Resources */ = {
			isa = PBXResourcesBuildPhase;
			buildActionMask = 2147483647;
			files = (
				B6CF0C5F2352243E00CA88E5 /* LaunchScreen.storyboard in Resources */,
				B6AC92DB2352465300C9DF09 /* GoogleService-Info.plist in Resources */,
				B6CF0C5C2352243E00CA88E5 /* Assets.xcassets in Resources */,
				B6CF0C572352243D00CA88E5 /* Main.storyboard in Resources */,
			);
			runOnlyForDeploymentPostprocessing = 0;
		};
		B6CF0C632352243E00CA88E5 /* Resources */ = {
			isa = PBXResourcesBuildPhase;
			buildActionMask = 2147483647;
			files = (
			);
			runOnlyForDeploymentPostprocessing = 0;
		};
/* End PBXResourcesBuildPhase section */

/* Begin PBXShellScriptBuildPhase section */
		2FB50734559BFDBE2A430A35 /* [CP] Check Pods Manifest.lock */ = {
			isa = PBXShellScriptBuildPhase;
			buildActionMask = 2147483647;
			files = (
			);
			inputFileListPaths = (
			);
			inputPaths = (
				"${PODS_PODFILE_DIR_PATH}/Podfile.lock",
				"${PODS_ROOT}/Manifest.lock",
			);
			name = "[CP] Check Pods Manifest.lock";
			outputFileListPaths = (
			);
			outputPaths = (
				"$(DERIVED_FILE_DIR)/Pods-MeetUp3Tests-checkManifestLockResult.txt",
			);
			runOnlyForDeploymentPostprocessing = 0;
			shellPath = /bin/sh;
			shellScript = "diff \"${PODS_PODFILE_DIR_PATH}/Podfile.lock\" \"${PODS_ROOT}/Manifest.lock\" > /dev/null\nif [ $? != 0 ] ; then\n    # print error to STDERR\n    echo \"error: The sandbox is not in sync with the Podfile.lock. Run 'pod install' or update your CocoaPods installation.\" >&2\n    exit 1\nfi\n# This output is used by Xcode 'outputs' to avoid re-running this script phase.\necho \"SUCCESS\" > \"${SCRIPT_OUTPUT_FILE_0}\"\n";
			showEnvVarsInLog = 0;
		};
		34DCC587151F66C00894DEDD /* [CP] Check Pods Manifest.lock */ = {
			isa = PBXShellScriptBuildPhase;
			buildActionMask = 2147483647;
			files = (
			);
			inputFileListPaths = (
			);
			inputPaths = (
				"${PODS_PODFILE_DIR_PATH}/Podfile.lock",
				"${PODS_ROOT}/Manifest.lock",
			);
			name = "[CP] Check Pods Manifest.lock";
			outputFileListPaths = (
			);
			outputPaths = (
				"$(DERIVED_FILE_DIR)/Pods-MeetUp3-checkManifestLockResult.txt",
			);
			runOnlyForDeploymentPostprocessing = 0;
			shellPath = /bin/sh;
			shellScript = "diff \"${PODS_PODFILE_DIR_PATH}/Podfile.lock\" \"${PODS_ROOT}/Manifest.lock\" > /dev/null\nif [ $? != 0 ] ; then\n    # print error to STDERR\n    echo \"error: The sandbox is not in sync with the Podfile.lock. Run 'pod install' or update your CocoaPods installation.\" >&2\n    exit 1\nfi\n# This output is used by Xcode 'outputs' to avoid re-running this script phase.\necho \"SUCCESS\" > \"${SCRIPT_OUTPUT_FILE_0}\"\n";
			showEnvVarsInLog = 0;
		};
		64130B21E630761EBCCA7724 /* [CP] Embed Pods Frameworks */ = {
			isa = PBXShellScriptBuildPhase;
			buildActionMask = 2147483647;
			files = (
			);
			inputFileListPaths = (
				"${PODS_ROOT}/Target Support Files/Pods-MeetUp3/Pods-MeetUp3-frameworks-${CONFIGURATION}-input-files.xcfilelist",
			);
			name = "[CP] Embed Pods Frameworks";
			outputFileListPaths = (
				"${PODS_ROOT}/Target Support Files/Pods-MeetUp3/Pods-MeetUp3-frameworks-${CONFIGURATION}-output-files.xcfilelist",
			);
			runOnlyForDeploymentPostprocessing = 0;
			shellPath = /bin/sh;
			shellScript = "\"${PODS_ROOT}/Target Support Files/Pods-MeetUp3/Pods-MeetUp3-frameworks.sh\"\n";
			showEnvVarsInLog = 0;
		};
/* End PBXShellScriptBuildPhase section */

/* Begin PBXSourcesBuildPhase section */
		B6CF0C462352243D00CA88E5 /* Sources */ = {
			isa = PBXSourcesBuildPhase;
			buildActionMask = 2147483647;
			files = (
				B6AC92DD2352561D00C9DF09 /* Database.swift in Sources */,
				B6CF0C542352243D00CA88E5 /* SecondViewController.swift in Sources */,
				B6AC92DF23526E8700C9DF09 /* SettingsViewController.swift in Sources */,
				B6CF0C522352243D00CA88E5 /* FirstViewController.swift in Sources */,
				B6CF0C4E2352243D00CA88E5 /* AppDelegate.swift in Sources */,
				B6CF0C502352243D00CA88E5 /* SceneDelegate.swift in Sources */,
				B6AC92E1235297C700C9DF09 /* Person.swift in Sources */,
				B6CF0C5A2352243D00CA88E5 /* MeetUp3.xcdatamodeld in Sources */,
			);
			runOnlyForDeploymentPostprocessing = 0;
		};
		B6CF0C612352243E00CA88E5 /* Sources */ = {
			isa = PBXSourcesBuildPhase;
			buildActionMask = 2147483647;
			files = (
				B6CF0C6A2352243E00CA88E5 /* MeetUp3Tests.swift in Sources */,
			);
			runOnlyForDeploymentPostprocessing = 0;
		};
/* End PBXSourcesBuildPhase section */

/* Begin PBXTargetDependency section */
		B6CF0C672352243E00CA88E5 /* PBXTargetDependency */ = {
			isa = PBXTargetDependency;
			target = B6CF0C492352243D00CA88E5 /* MeetUp3 */;
			targetProxy = B6CF0C662352243E00CA88E5 /* PBXContainerItemProxy */;
		};
/* End PBXTargetDependency section */

/* Begin PBXVariantGroup section */
		B6CF0C552352243D00CA88E5 /* Main.storyboard */ = {
			isa = PBXVariantGroup;
			children = (
				B6CF0C562352243D00CA88E5 /* Base */,
			);
			name = Main.storyboard;
			sourceTree = "<group>";
		};
		B6CF0C5D2352243E00CA88E5 /* LaunchScreen.storyboard */ = {
			isa = PBXVariantGroup;
			children = (
				B6CF0C5E2352243E00CA88E5 /* Base */,
			);
			name = LaunchScreen.storyboard;
			sourceTree = "<group>";
		};
/* End PBXVariantGroup section */

/* Begin XCBuildConfiguration section */
		B6CF0C6C2352243E00CA88E5 /* Debug */ = {
			isa = XCBuildConfiguration;
			buildSettings = {
				ALWAYS_SEARCH_USER_PATHS = NO;
				CLANG_ANALYZER_NONNULL = YES;
				CLANG_ANALYZER_NUMBER_OBJECT_CONVERSION = YES_AGGRESSIVE;
				CLANG_CXX_LANGUAGE_STANDARD = "gnu++14";
				CLANG_CXX_LIBRARY = "libc++";
				CLANG_ENABLE_MODULES = YES;
				CLANG_ENABLE_OBJC_ARC = YES;
				CLANG_ENABLE_OBJC_WEAK = YES;
				CLANG_WARN_BLOCK_CAPTURE_AUTORELEASING = YES;
				CLANG_WARN_BOOL_CONVERSION = YES;
				CLANG_WARN_COMMA = YES;
				CLANG_WARN_CONSTANT_CONVERSION = YES;
				CLANG_WARN_DEPRECATED_OBJC_IMPLEMENTATIONS = YES;
				CLANG_WARN_DIRECT_OBJC_ISA_USAGE = YES_ERROR;
				CLANG_WARN_DOCUMENTATION_COMMENTS = YES;
				CLANG_WARN_EMPTY_BODY = YES;
				CLANG_WARN_ENUM_CONVERSION = YES;
				CLANG_WARN_INFINITE_RECURSION = YES;
				CLANG_WARN_INT_CONVERSION = YES;
				CLANG_WARN_NON_LITERAL_NULL_CONVERSION = YES;
				CLANG_WARN_OBJC_IMPLICIT_RETAIN_SELF = YES;
				CLANG_WARN_OBJC_LITERAL_CONVERSION = YES;
				CLANG_WARN_OBJC_ROOT_CLASS = YES_ERROR;
				CLANG_WARN_RANGE_LOOP_ANALYSIS = YES;
				CLANG_WARN_STRICT_PROTOTYPES = YES;
				CLANG_WARN_SUSPICIOUS_MOVE = YES;
				CLANG_WARN_UNGUARDED_AVAILABILITY = YES_AGGRESSIVE;
				CLANG_WARN_UNREACHABLE_CODE = YES;
				CLANG_WARN__DUPLICATE_METHOD_MATCH = YES;
				COPY_PHASE_STRIP = NO;
				DEBUG_INFORMATION_FORMAT = dwarf;
				ENABLE_STRICT_OBJC_MSGSEND = YES;
				ENABLE_TESTABILITY = YES;
				GCC_C_LANGUAGE_STANDARD = gnu11;
				GCC_DYNAMIC_NO_PIC = NO;
				GCC_NO_COMMON_BLOCKS = YES;
				GCC_OPTIMIZATION_LEVEL = 0;
				GCC_PREPROCESSOR_DEFINITIONS = (
					"DEBUG=1",
					"$(inherited)",
				);
				GCC_WARN_64_TO_32_BIT_CONVERSION = YES;
				GCC_WARN_ABOUT_RETURN_TYPE = YES_ERROR;
				GCC_WARN_UNDECLARED_SELECTOR = YES;
				GCC_WARN_UNINITIALIZED_AUTOS = YES_AGGRESSIVE;
				GCC_WARN_UNUSED_FUNCTION = YES;
				GCC_WARN_UNUSED_VARIABLE = YES;
				IPHONEOS_DEPLOYMENT_TARGET = 13.1;
				MTL_ENABLE_DEBUG_INFO = INCLUDE_SOURCE;
				MTL_FAST_MATH = YES;
				ONLY_ACTIVE_ARCH = YES;
				SDKROOT = iphoneos;
				SWIFT_ACTIVE_COMPILATION_CONDITIONS = DEBUG;
				SWIFT_OPTIMIZATION_LEVEL = "-Onone";
			};
			name = Debug;
		};
		B6CF0C6D2352243E00CA88E5 /* Release */ = {
			isa = XCBuildConfiguration;
			buildSettings = {
				ALWAYS_SEARCH_USER_PATHS = NO;
				CLANG_ANALYZER_NONNULL = YES;
				CLANG_ANALYZER_NUMBER_OBJECT_CONVERSION = YES_AGGRESSIVE;
				CLANG_CXX_LANGUAGE_STANDARD = "gnu++14";
				CLANG_CXX_LIBRARY = "libc++";
				CLANG_ENABLE_MODULES = YES;
				CLANG_ENABLE_OBJC_ARC = YES;
				CLANG_ENABLE_OBJC_WEAK = YES;
				CLANG_WARN_BLOCK_CAPTURE_AUTORELEASING = YES;
				CLANG_WARN_BOOL_CONVERSION = YES;
				CLANG_WARN_COMMA = YES;
				CLANG_WARN_CONSTANT_CONVERSION = YES;
				CLANG_WARN_DEPRECATED_OBJC_IMPLEMENTATIONS = YES;
				CLANG_WARN_DIRECT_OBJC_ISA_USAGE = YES_ERROR;
				CLANG_WARN_DOCUMENTATION_COMMENTS = YES;
				CLANG_WARN_EMPTY_BODY = YES;
				CLANG_WARN_ENUM_CONVERSION = YES;
				CLANG_WARN_INFINITE_RECURSION = YES;
				CLANG_WARN_INT_CONVERSION = YES;
				CLANG_WARN_NON_LITERAL_NULL_CONVERSION = YES;
				CLANG_WARN_OBJC_IMPLICIT_RETAIN_SELF = YES;
				CLANG_WARN_OBJC_LITERAL_CONVERSION = YES;
				CLANG_WARN_OBJC_ROOT_CLASS = YES_ERROR;
				CLANG_WARN_RANGE_LOOP_ANALYSIS = YES;
				CLANG_WARN_STRICT_PROTOTYPES = YES;
				CLANG_WARN_SUSPICIOUS_MOVE = YES;
				CLANG_WARN_UNGUARDED_AVAILABILITY = YES_AGGRESSIVE;
				CLANG_WARN_UNREACHABLE_CODE = YES;
				CLANG_WARN__DUPLICATE_METHOD_MATCH = YES;
				COPY_PHASE_STRIP = NO;
				DEBUG_INFORMATION_FORMAT = "dwarf-with-dsym";
				ENABLE_NS_ASSERTIONS = NO;
				ENABLE_STRICT_OBJC_MSGSEND = YES;
				GCC_C_LANGUAGE_STANDARD = gnu11;
				GCC_NO_COMMON_BLOCKS = YES;
				GCC_WARN_64_TO_32_BIT_CONVERSION = YES;
				GCC_WARN_ABOUT_RETURN_TYPE = YES_ERROR;
				GCC_WARN_UNDECLARED_SELECTOR = YES;
				GCC_WARN_UNINITIALIZED_AUTOS = YES_AGGRESSIVE;
				GCC_WARN_UNUSED_FUNCTION = YES;
				GCC_WARN_UNUSED_VARIABLE = YES;
				IPHONEOS_DEPLOYMENT_TARGET = 13.1;
				MTL_ENABLE_DEBUG_INFO = NO;
				MTL_FAST_MATH = YES;
				SDKROOT = iphoneos;
				SWIFT_COMPILATION_MODE = wholemodule;
				SWIFT_OPTIMIZATION_LEVEL = "-O";
				VALIDATE_PRODUCT = YES;
			};
			name = Release;
		};
		B6CF0C6F2352243E00CA88E5 /* Debug */ = {
			isa = XCBuildConfiguration;
			baseConfigurationReference = D4FDB99F13828E65826C2272 /* Pods-MeetUp3.debug.xcconfig */;
			buildSettings = {
				ASSETCATALOG_COMPILER_APPICON_NAME = AppIcon;
				CODE_SIGN_STYLE = Automatic;
				DEVELOPMENT_TEAM = PHRFXN624V;
				INFOPLIST_FILE = MeetUp3/Info.plist;
				LD_RUNPATH_SEARCH_PATHS = (
					"$(inherited)",
					"@executable_path/Frameworks",
				);
				PRODUCT_BUNDLE_IDENTIFIER = org.eichens.MeetUp3;
				PRODUCT_NAME = "$(TARGET_NAME)";
				SWIFT_VERSION = 5.0;
				TARGETED_DEVICE_FAMILY = "1,2";
			};
			name = Debug;
		};
		B6CF0C702352243E00CA88E5 /* Release */ = {
			isa = XCBuildConfiguration;
			baseConfigurationReference = 35613A3E1B9A4F44D017C237 /* Pods-MeetUp3.release.xcconfig */;
			buildSettings = {
				ASSETCATALOG_COMPILER_APPICON_NAME = AppIcon;
				CODE_SIGN_STYLE = Automatic;
				DEVELOPMENT_TEAM = PHRFXN624V;
				INFOPLIST_FILE = MeetUp3/Info.plist;
				LD_RUNPATH_SEARCH_PATHS = (
					"$(inherited)",
					"@executable_path/Frameworks",
				);
				PRODUCT_BUNDLE_IDENTIFIER = org.eichens.MeetUp3;
				PRODUCT_NAME = "$(TARGET_NAME)";
				SWIFT_VERSION = 5.0;
				TARGETED_DEVICE_FAMILY = "1,2";
			};
			name = Release;
		};
		B6CF0C722352243E00CA88E5 /* Debug */ = {
			isa = XCBuildConfiguration;
			baseConfigurationReference = A9615553A93D38D2190C2EF7 /* Pods-MeetUp3Tests.debug.xcconfig */;
			buildSettings = {
				ALWAYS_EMBED_SWIFT_STANDARD_LIBRARIES = YES;
				BUNDLE_LOADER = "$(TEST_HOST)";
				CODE_SIGN_STYLE = Automatic;
				INFOPLIST_FILE = MeetUp3Tests/Info.plist;
				IPHONEOS_DEPLOYMENT_TARGET = 13.1;
				LD_RUNPATH_SEARCH_PATHS = (
					"$(inherited)",
					"@executable_path/Frameworks",
					"@loader_path/Frameworks",
				);
				PRODUCT_BUNDLE_IDENTIFIER = org.eichens.MeetUp3Tests;
				PRODUCT_NAME = "$(TARGET_NAME)";
				SWIFT_VERSION = 5.0;
				TARGETED_DEVICE_FAMILY = "1,2";
				TEST_HOST = "$(BUILT_PRODUCTS_DIR)/MeetUp3.app/MeetUp3";
			};
			name = Debug;
		};
		B6CF0C732352243E00CA88E5 /* Release */ = {
			isa = XCBuildConfiguration;
			baseConfigurationReference = 69D1EC89FF9A3E471DA6016A /* Pods-MeetUp3Tests.release.xcconfig */;
			buildSettings = {
				ALWAYS_EMBED_SWIFT_STANDARD_LIBRARIES = YES;
				BUNDLE_LOADER = "$(TEST_HOST)";
				CODE_SIGN_STYLE = Automatic;
				INFOPLIST_FILE = MeetUp3Tests/Info.plist;
				IPHONEOS_DEPLOYMENT_TARGET = 13.1;
				LD_RUNPATH_SEARCH_PATHS = (
					"$(inherited)",
					"@executable_path/Frameworks",
					"@loader_path/Frameworks",
				);
				PRODUCT_BUNDLE_IDENTIFIER = org.eichens.MeetUp3Tests;
				PRODUCT_NAME = "$(TARGET_NAME)";
				SWIFT_VERSION = 5.0;
				TARGETED_DEVICE_FAMILY = "1,2";
				TEST_HOST = "$(BUILT_PRODUCTS_DIR)/MeetUp3.app/MeetUp3";
			};
			name = Release;
		};
/* End XCBuildConfiguration section */

/* Begin XCConfigurationList section */
		B6CF0C452352243D00CA88E5 /* Build configuration list for PBXProject "MeetUp3" */ = {
			isa = XCConfigurationList;
			buildConfigurations = (
				B6CF0C6C2352243E00CA88E5 /* Debug */,
				B6CF0C6D2352243E00CA88E5 /* Release */,
			);
			defaultConfigurationIsVisible = 0;
			defaultConfigurationName = Release;
		};
		B6CF0C6E2352243E00CA88E5 /* Build configuration list for PBXNativeTarget "MeetUp3" */ = {
			isa = XCConfigurationList;
			buildConfigurations = (
				B6CF0C6F2352243E00CA88E5 /* Debug */,
				B6CF0C702352243E00CA88E5 /* Release */,
			);
			defaultConfigurationIsVisible = 0;
			defaultConfigurationName = Release;
		};
		B6CF0C712352243E00CA88E5 /* Build configuration list for PBXNativeTarget "MeetUp3Tests" */ = {
			isa = XCConfigurationList;
			buildConfigurations = (
				B6CF0C722352243E00CA88E5 /* Debug */,
				B6CF0C732352243E00CA88E5 /* Release */,
			);
			defaultConfigurationIsVisible = 0;
			defaultConfigurationName = Release;
		};
/* End XCConfigurationList section */

/* Begin XCVersionGroup section */
		B6CF0C582352243D00CA88E5 /* MeetUp3.xcdatamodeld */ = {
			isa = XCVersionGroup;
			children = (
				B6CF0C592352243D00CA88E5 /* MeetUp3.xcdatamodel */,
			);
			currentVersion = B6CF0C592352243D00CA88E5 /* MeetUp3.xcdatamodel */;
			path = MeetUp3.xcdatamodeld;
			sourceTree = "<group>";
			versionGroupType = wrapper.xcdatamodel;
		};
/* End XCVersionGroup section */
	};
	rootObject = B6CF0C422352243D00CA88E5 /* Project object */;
}
